// !$*UTF8*$!
{
	archiveVersion = 1;
	classes = {
	};
	objectVersion = 46;
	objects = {

/* Begin PBXBuildFile section */
		59C879C61D2410B000CC7FC2 /* whiterose.bundle in Resources */ = {isa = PBXBuildFile; fileRef = 59C879C51D2410B000CC7FC2 /* whiterose.bundle */; };
		59CA81401D23AD69004FCC85 /* main.m in Sources */ = {isa = PBXBuildFile; fileRef = 59CA813F1D23AD69004FCC85 /* main.m */; };
		59CA81431D23AD69004FCC85 /* AppDelegate.m in Sources */ = {isa = PBXBuildFile; fileRef = 59CA81421D23AD69004FCC85 /* AppDelegate.m */; };
		59CA81461D23AD69004FCC85 /* ViewController.m in Sources */ = {isa = PBXBuildFile; fileRef = 59CA81451D23AD69004FCC85 /* ViewController.m */; };
		59CA81491D23AD69004FCC85 /* Main.storyboard in Resources */ = {isa = PBXBuildFile; fileRef = 59CA81471D23AD69004FCC85 /* Main.storyboard */; };
		59CA814B1D23AD69004FCC85 /* Assets.xcassets in Resources */ = {isa = PBXBuildFile; fileRef = 59CA814A1D23AD69004FCC85 /* Assets.xcassets */; };
		59CA814E1D23AD69004FCC85 /* LaunchScreen.storyboard in Resources */ = {isa = PBXBuildFile; fileRef = 59CA814C1D23AD69004FCC85 /* LaunchScreen.storyboard */; };
		59CA81571D23AE70004FCC85 /* DAEasterEggViewController.m in Sources */ = {isa = PBXBuildFile; fileRef = 59CA81561D23AE70004FCC85 /* DAEasterEggViewController.m */; };
/* End PBXBuildFile section */

/* Begin PBXFileReference section */
		59C879C51D2410B000CC7FC2 /* whiterose.bundle */ = {isa = PBXFileReference; lastKnownFileType = "wrapper.plug-in"; path = whiterose.bundle; sourceTree = "<group>"; };
		59CA813B1D23AD69004FCC85 /* DAEasterEgg.app */ = {isa = PBXFileReference; explicitFileType = wrapper.application; includeInIndex = 0; path = DAEasterEgg.app; sourceTree = BUILT_PRODUCTS_DIR; };
		59CA813F1D23AD69004FCC85 /* main.m */ = {isa = PBXFileReference; lastKnownFileType = sourcecode.c.objc; path = main.m; sourceTree = "<group>"; };
		59CA81411D23AD69004FCC85 /* AppDelegate.h */ = {isa = PBXFileReference; lastKnownFileType = sourcecode.c.h; path = AppDelegate.h; sourceTree = "<group>"; };
		59CA81421D23AD69004FCC85 /* AppDelegate.m */ = {isa = PBXFileReference; lastKnownFileType = sourcecode.c.objc; path = AppDelegate.m; sourceTree = "<group>"; };
		59CA81441D23AD69004FCC85 /* ViewController.h */ = {isa = PBXFileReference; lastKnownFileType = sourcecode.c.h; path = ViewController.h; sourceTree = "<group>"; };
		59CA81451D23AD69004FCC85 /* ViewController.m */ = {isa = PBXFileReference; lastKnownFileType = sourcecode.c.objc; path = ViewController.m; sourceTree = "<group>"; };
		59CA81481D23AD69004FCC85 /* Base */ = {isa = PBXFileReference; lastKnownFileType = file.storyboard; name = Base; path = Base.lproj/Main.storyboard; sourceTree = "<group>"; };
		59CA814A1D23AD69004FCC85 /* Assets.xcassets */ = {isa = PBXFileReference; lastKnownFileType = folder.assetcatalog; path = Assets.xcassets; sourceTree = "<group>"; };
		59CA814D1D23AD69004FCC85 /* Base */ = {isa = PBXFileReference; lastKnownFileType = file.storyboard; name = Base; path = Base.lproj/LaunchScreen.storyboard; sourceTree = "<group>"; };
		59CA814F1D23AD69004FCC85 /* Info.plist */ = {isa = PBXFileReference; lastKnownFileType = text.plist.xml; path = Info.plist; sourceTree = "<group>"; };
		59CA81551D23AE70004FCC85 /* DAEasterEggViewController.h */ = {isa = PBXFileReference; fileEncoding = 4; lastKnownFileType = sourcecode.c.h; path = DAEasterEggViewController.h; sourceTree = "<group>"; };
		59CA81561D23AE70004FCC85 /* DAEasterEggViewController.m */ = {isa = PBXFileReference; fileEncoding = 4; lastKnownFileType = sourcecode.c.objc; path = DAEasterEggViewController.m; sourceTree = "<group>"; };
/* End PBXFileReference section */

/* Begin PBXFrameworksBuildPhase section */
		59CA81381D23AD69004FCC85 /* Frameworks */ = {
			isa = PBXFrameworksBuildPhase;
			buildActionMask = 2147483647;
			files = (
			);
			runOnlyForDeploymentPostprocessing = 0;
		};
/* End PBXFrameworksBuildPhase section */

/* Begin PBXGroup section */
		59CA81321D23AD69004FCC85 = {
			isa = PBXGroup;
			children = (
				59CA813D1D23AD69004FCC85 /* DAEasterEgg */,
				59CA813C1D23AD69004FCC85 /* Products */,
			);
			sourceTree = "<group>";
		};
		59CA813C1D23AD69004FCC85 /* Products */ = {
			isa = PBXGroup;
			children = (
				59CA813B1D23AD69004FCC85 /* DAEasterEgg.app */,
			);
			name = Products;
			sourceTree = "<group>";
		};
		59CA813D1D23AD69004FCC85 /* DAEasterEgg */ = {
			isa = PBXGroup;
			children = (
				59CA814A1D23AD69004FCC85 /* Assets.xcassets */,
				59CA815A1D23B2E2004FCC85 /* App Delegate */,
				59CA81591D23B2CF004FCC85 /* Views */,
				59CA81581D23B2CB004FCC85 /* Controllers */,
				59CA813E1D23AD69004FCC85 /* Supporting Files */,
			);
			path = DAEasterEgg;
			sourceTree = "<group>";
		};
		59CA813E1D23AD69004FCC85 /* Supporting Files */ = {
			isa = PBXGroup;
			children = (
				59C879C51D2410B000CC7FC2 /* whiterose.bundle */,
				59CA814F1D23AD69004FCC85 /* Info.plist */,
				59CA813F1D23AD69004FCC85 /* main.m */,
			);
			name = "Supporting Files";
			sourceTree = "<group>";
		};
		59CA81581D23B2CB004FCC85 /* Controllers */ = {
			isa = PBXGroup;
			children = (
				59CA815B1D23B349004FCC85 /* Main */,
				59CA815C1D23B34B004FCC85 /* Easter Egg */,
			);
			name = Controllers;
			sourceTree = "<group>";
		};
		59CA81591D23B2CF004FCC85 /* Views */ = {
			isa = PBXGroup;
			children = (
				59CA81471D23AD69004FCC85 /* Main.storyboard */,
				59CA814C1D23AD69004FCC85 /* LaunchScreen.storyboard */,
			);
			name = Views;
			sourceTree = "<group>";
		};
		59CA815A1D23B2E2004FCC85 /* App Delegate */ = {
			isa = PBXGroup;
			children = (
				59CA81411D23AD69004FCC85 /* AppDelegate.h */,
				59CA81421D23AD69004FCC85 /* AppDelegate.m */,
			);
			name = "App Delegate";
			sourceTree = "<group>";
		};
		59CA815B1D23B349004FCC85 /* Main */ = {
			isa = PBXGroup;
			children = (
				59CA81441D23AD69004FCC85 /* ViewController.h */,
				59CA81451D23AD69004FCC85 /* ViewController.m */,
			);
			name = Main;
			sourceTree = "<group>";
		};
		59CA815C1D23B34B004FCC85 /* Easter Egg */ = {
			isa = PBXGroup;
			children = (
				59CA81551D23AE70004FCC85 /* DAEasterEggViewController.h */,
				59CA81561D23AE70004FCC85 /* DAEasterEggViewController.m */,
			);
			name = "Easter Egg";
			sourceTree = "<group>";
		};
/* End PBXGroup section */

/* Begin PBXNativeTarget section */
		59CA813A1D23AD69004FCC85 /* DAEasterEgg */ = {
			isa = PBXNativeTarget;
			buildConfigurationList = 59CA81521D23AD69004FCC85 /* Build configuration list for PBXNativeTarget "DAEasterEgg" */;
			buildPhases = (
				59CA81371D23AD69004FCC85 /* Sources */,
				59CA81381D23AD69004FCC85 /* Frameworks */,
				59CA81391D23AD69004FCC85 /* Resources */,
			);
			buildRules = (
			);
			dependencies = (
			);
			name = DAEasterEgg;
			productName = DAEasterEgg;
			productReference = 59CA813B1D23AD69004FCC85 /* DAEasterEgg.app */;
			productType = "com.apple.product-type.application";
		};
/* End PBXNativeTarget section */

/* Begin PBXProject section */
		59CA81331D23AD69004FCC85 /* Project object */ = {
			isa = PBXProject;
			attributes = {
				LastUpgradeCheck = 0730;
				ORGANIZATIONNAME = "Dark Army";
				TargetAttributes = {
					59CA813A1D23AD69004FCC85 = {
						CreatedOnToolsVersion = 7.3.1;
					};
				};
			};
			buildConfigurationList = 59CA81361D23AD69004FCC85 /* Build configuration list for PBXProject "DAEasterEgg" */;
			compatibilityVersion = "Xcode 3.2";
			developmentRegion = English;
			hasScannedForEncodings = 0;
			knownRegions = (
				en,
				Base,
			);
			mainGroup = 59CA81321D23AD69004FCC85;
			productRefGroup = 59CA813C1D23AD69004FCC85 /* Products */;
			projectDirPath = "";
			projectRoot = "";
			targets = (
				59CA813A1D23AD69004FCC85 /* DAEasterEgg */,
			);
		};
/* End PBXProject section */

/* Begin PBXResourcesBuildPhase section */
		59CA81391D23AD69004FCC85 /* Resources */ = {
			isa = PBXResourcesBuildPhase;
			buildActionMask = 2147483647;
			files = (
				59CA814E1D23AD69004FCC85 /* LaunchScreen.storyboard in Resources */,
				59CA814B1D23AD69004FCC85 /* Assets.xcassets in Resources */,
				59C879C61D2410B000CC7FC2 /* whiterose.bundle in Resources */,
				59CA81491D23AD69004FCC85 /* Main.storyboard in Resources */,
			);
			runOnlyForDeploymentPostprocessing = 0;
		};
/* End PBXResourcesBuildPhase section */

/* Begin PBXSourcesBuildPhase section */
		59CA81371D23AD69004FCC85 /* Sources */ = {
			isa = PBXSourcesBuildPhase;
			buildActionMask = 2147483647;
			files = (
				59CA81461D23AD69004FCC85 /* ViewController.m in Sources */,
				59CA81571D23AE70004FCC85 /* DAEasterEggViewController.m in Sources */,
				59CA81431D23AD69004FCC85 /* AppDelegate.m in Sources */,
				59CA81401D23AD69004FCC85 /* main.m in Sources */,
			);
			runOnlyForDeploymentPostprocessing = 0;
		};
/* End PBXSourcesBuildPhase section */

/* Begin PBXVariantGroup section */
		59CA81471D23AD69004FCC85 /* Main.storyboard */ = {
			isa = PBXVariantGroup;
			children = (
				59CA81481D23AD69004FCC85 /* Base */,
			);
			name = Main.storyboard;
			sourceTree = "<group>";
		};
		59CA814C1D23AD69004FCC85 /* LaunchScreen.storyboard */ = {
			isa = PBXVariantGroup;
			children = (
				59CA814D1D23AD69004FCC85 /* Base */,
			);
			name = LaunchScreen.storyboard;
			sourceTree = "<group>";
		};
/* End PBXVariantGroup section */

/* Begin XCBuildConfiguration section */
		59CA81501D23AD69004FCC85 /* Debug */ = {
			isa = XCBuildConfiguration;
			buildSettings = {
				ALWAYS_SEARCH_USER_PATHS = NO;
				CLANG_ANALYZER_NONNULL = YES;
				CLANG_CXX_LANGUAGE_STANDARD = "gnu++0x";
				CLANG_CXX_LIBRARY = "libc++";
				CLANG_ENABLE_MODULES = YES;
				CLANG_ENABLE_OBJC_ARC = YES;
				CLANG_WARN_BOOL_CONVERSION = YES;
				CLANG_WARN_CONSTANT_CONVERSION = YES;
				CLANG_WARN_DIRECT_OBJC_ISA_USAGE = YES_ERROR;
				CLANG_WARN_EMPTY_BODY = YES;
				CLANG_WARN_ENUM_CONVERSION = YES;
				CLANG_WARN_INT_CONVERSION = YES;
				CLANG_WARN_OBJC_ROOT_CLASS = YES_ERROR;
				CLANG_WARN_UNREACHABLE_CODE = YES;
				CLANG_WARN__DUPLICATE_METHOD_MATCH = YES;
				"CODE_SIGN_IDENTITY[sdk=iphoneos*]" = "iPhone Developer";
				COPY_PHASE_STRIP = NO;
				DEBUG_INFORMATION_FORMAT = dwarf;
				ENABLE_STRICT_OBJC_MSGSEND = YES;
				ENABLE_TESTABILITY = YES;
				GCC_C_LANGUAGE_STANDARD = gnu99;
				GCC_DYNAMIC_NO_PIC = NO;
				GCC_NO_COMMON_BLOCKS = YES;
				GCC_OPTIMIZATION_LEVEL = 0;
				GCC_PREPROCESSOR_DEFINITIONS = (
					"DEBUG=1",
					"$(inherited)",
				);
				GCC_WARN_64_TO_32_BIT_CONVERSION = YES;
				GCC_WARN_ABOUT_RETURN_TYPE = YES_ERROR;
				GCC_WARN_UNDECLARED_SELECTOR = YES;
				GCC_WARN_UNINITIALIZED_AUTOS = YES_AGGRESSIVE;
				GCC_WARN_UNUSED_FUNCTION = YES;
				GCC_WARN_UNUSED_VARIABLE = YES;
				IPHONEOS_DEPLOYMENT_TARGET = 9.3;
				MTL_ENABLE_DEBUG_INFO = YES;
				ONLY_ACTIVE_ARCH = YES;
				SDKROOT = iphoneos;
			};
			name = Debug;
		};
		59CA81511D23AD69004FCC85 /* Release */ = {
			isa = XCBuildConfiguration;
			buildSettings = {
				ALWAYS_SEARCH_USER_PATHS = NO;
				CLANG_ANALYZER_NONNULL = YES;
				CLANG_CXX_LANGUAGE_STANDARD = "gnu++0x";
				CLANG_CXX_LIBRARY = "libc++";
				CLANG_ENABLE_MODULES = YES;
				CLANG_ENABLE_OBJC_ARC = YES;
				CLANG_WARN_BOOL_CONVERSION = YES;
				CLANG_WARN_CONSTANT_CONVERSION = YES;
				CLANG_WARN_DIRECT_OBJC_ISA_USAGE = YES_ERROR;
				CLANG_WARN_EMPTY_BODY = YES;
				CLANG_WARN_ENUM_CONVERSION = YES;
				CLANG_WARN_INT_CONVERSION = YES;
				CLANG_WARN_OBJC_ROOT_CLASS = YES_ERROR;
				CLANG_WARN_UNREACHABLE_CODE = YES;
				CLANG_WARN__DUPLICATE_METHOD_MATCH = YES;
				"CODE_SIGN_IDENTITY[sdk=iphoneos*]" = "iPhone Developer";
				COPY_PHASE_STRIP = NO;
				DEBUG_INFORMATION_FORMAT = "dwarf-with-dsym";
				ENABLE_NS_ASSERTIONS = NO;
				ENABLE_STRICT_OBJC_MSGSEND = YES;
				GCC_C_LANGUAGE_STANDARD = gnu99;
				GCC_NO_COMMON_BLOCKS = YES;
				GCC_WARN_64_TO_32_BIT_CONVERSION = YES;
				GCC_WARN_ABOUT_RETURN_TYPE = YES_ERROR;
				GCC_WARN_UNDECLARED_SELECTOR = YES;
				GCC_WARN_UNINITIALIZED_AUTOS = YES_AGGRESSIVE;
				GCC_WARN_UNUSED_FUNCTION = YES;
				GCC_WARN_UNUSED_VARIABLE = YES;
				IPHONEOS_DEPLOYMENT_TARGET = 9.3;
				MTL_ENABLE_DEBUG_INFO = NO;
				SDKROOT = iphoneos;
				VALIDATE_PRODUCT = YES;
			};
			name = Release;
		};
		59CA81531D23AD69004FCC85 /* Debug */ = {
			isa = XCBuildConfiguration;
			buildSettings = {
				ASSETCATALOG_COMPILER_APPICON_NAME = AppIcon;
				INFOPLIST_FILE = DAEasterEgg/Info.plist;
				IPHONEOS_DEPLOYMENT_TARGET = 9.0;
				LD_RUNPATH_SEARCH_PATHS = "$(inherited) @executable_path/Frameworks";
				PRODUCT_BUNDLE_IDENTIFIER = com.darkarmy.DAEasterEgg;
				PRODUCT_NAME = "$(TARGET_NAME)";
			};
			name = Debug;
		};
		59CA81541D23AD69004FCC85 /* Release */ = {
			isa = XCBuildConfiguration;
			buildSettings = {
				ASSETCATALOG_COMPILER_APPICON_NAME = AppIcon;
				INFOPLIST_FILE = DAEasterEgg/Info.plist;
				IPHONEOS_DEPLOYMENT_TARGET = 9.0;
				LD_RUNPATH_SEARCH_PATHS = "$(inherited) @executable_path/Frameworks";
				PRODUCT_BUNDLE_IDENTIFIER = com.darkarmy.DAEasterEgg;
				PRODUCT_NAME = "$(TARGET_NAME)";
			};
			name = Release;
		};
/* End XCBuildConfiguration section */

/* Begin XCConfigurationList section */
		59CA81361D23AD69004FCC85 /* Build configuration list for PBXProject "DAEasterEgg" */ = {
			isa = XCConfigurationList;
			buildConfigurations = (
				59CA81501D23AD69004FCC85 /* Debug */,
				59CA81511D23AD69004FCC85 /* Release */,
			);
			defaultConfigurationIsVisible = 0;
			defaultConfigurationName = Release;
		};
		59CA81521D23AD69004FCC85 /* Build configuration list for PBXNativeTarget "DAEasterEgg" */ = {
			isa = XCConfigurationList;
			buildConfigurations = (
				59CA81531D23AD69004FCC85 /* Debug */,
				59CA81541D23AD69004FCC85 /* Release */,
			);
			defaultConfigurationIsVisible = 0;
			defaultConfigurationName = Release;
		};
/* End XCConfigurationList section */
	};
	rootObject = 59CA81331D23AD69004FCC85 /* Project object */;
}
